
Microsoft Visual Studio Solution File, Format Version 12.00
# Visual Studio 2012
Project("{FAE04EC0-301F-11D3-BF4B-00C04F79EFBC}") = "WebMercadao", "WebMercadao\WebMercadao.csproj", "{569139BB-1779-404B-92C2-DB822867C0C7}"
EndProject
Project("{FAE04EC0-301F-11D3-BF4B-00C04F79EFBC}") = "WebMercadao.Tests", "WebMercadao.Tests\WebMercadao.Tests.csproj", "{FD99B6F2-3809-453E-900A-33B56779061E}"
EndProject
Global
	GlobalSection(SolutionConfigurationPlatforms) = preSolution
		Debug|Any CPU = Debug|Any CPU
		Release|Any CPU = Release|Any CPU
	EndGlobalSection
	GlobalSection(ProjectConfigurationPlatforms) = postSolution
		{569139BB-1779-404B-92C2-DB822867C0C7}.Debug|Any CPU.ActiveCfg = Debug|Any CPU
		{569139BB-1779-404B-92C2-DB822867C0C7}.Debug|Any CPU.Build.0 = Debug|Any CPU
		{569139BB-1779-404B-92C2-DB822867C0C7}.Release|Any CPU.ActiveCfg = Release|Any CPU
		{569139BB-1779-404B-92C2-DB822867C0C7}.Release|Any CPU.Build.0 = Release|Any CPU
		{FD99B6F2-3809-453E-900A-33B56779061E}.Debug|Any CPU.ActiveCfg = Debug|Any CPU
		{FD99B6F2-3809-453E-900A-33B56779061E}.Debug|Any CPU.Build.0 = Debug|Any CPU
		{FD99B6F2-3809-453E-900A-33B56779061E}.Release|Any CPU.ActiveCfg = Release|Any CPU
		{FD99B6F2-3809-453E-900A-33B56779061E}.Release|Any CPU.Build.0 = Release|Any CPU
	EndGlobalSection
EndGlobal
